
Microsoft Visual Studio Solution File, Format Version 12.00
# Visual Studio 14
VisualStudioVersion = 14.0.25420.1
MinimumVisualStudioVersion = 10.0.40219.1
Project("{9092AA53-FB77-4645-B42D-1CCCA6BD08BD}") = "Nodejs_BasicSum", "Nodejs_BasicSum\Nodejs_BasicSum.njsproj", "{539F0933-C771-4BC7-92B0-1DD7F9B544FF}"
EndProject
Global
	GlobalSection(SolutionConfigurationPlatforms) = preSolution
		Debug|Any CPU = Debug|Any CPU
		Release|Any CPU = Release|Any CPU
	EndGlobalSection
	GlobalSection(ProjectConfigurationPlatforms) = postSolution
		{539F0933-C771-4BC7-92B0-1DD7F9B544FF}.Debug|Any CPU.ActiveCfg = Debug|Any CPU
		{539F0933-C771-4BC7-92B0-1DD7F9B544FF}.Debug|Any CPU.Build.0 = Debug|Any CPU
		{539F0933-C771-4BC7-92B0-1DD7F9B544FF}.Release|Any CPU.ActiveCfg = Release|Any CPU
		{539F0933-C771-4BC7-92B0-1DD7F9B544FF}.Release|Any CPU.Build.0 = Release|Any CPU
	EndGlobalSection
	GlobalSection(SolutionProperties) = preSolution
		HideSolutionNode = FALSE
	EndGlobalSection
EndGlobal
